{
  "name": "cucumber-node-starter-programmatic",
  "version": "0.0.0",
  "lockfileVersion": 3,
  "requires": true,
  "packages": {
    "": {
      "name": "cucumber-node-starter-programmatic",
      "version": "0.0.0",
      "devDependencies": {
        "@cucumber/node": "^0.7.0"
      }
    },
    "node_modules/@babel/code-frame": {
      "version": "7.29.7",
      "resolved": "https://registry.npmjs.org/@babel/code-frame/-/code-frame-7.29.7.tgz",
      "integrity": "sha512-Aup7aUOfpbAUg2ROOJN6Iw5f9DMBlzu0mIkm/malLQFN/YQgO48wCj0Kxa3sEHJvPVFg7siR+qRInwXd2qhQKw==",
      "dev": true,
      "license": "MIT",
      "dependencies": {
        "@babel/helper-validator-identifier": "^7.29.7",
        "js-tokens": "^4.0.0",
        "picocolors": "^1.1.1"
      },
      "engines": {
        "node": ">=6.9.0"
      }
    },
    "node_modules/@babel/generator": {
      "version": "7.29.7",
      "resolved": "https://registry.npmjs.org/@babel/generator/-/generator-7.29.7.tgz",
      "integrity": "sha512-DkXD5OJQaAQIdZ1bt3UZdEnHAn9Imd3IVBdX03UFe+ony9Ojw5pzr9YVKGDY1jt+Gcn/FnGkNf8r+Vj5NOJWtQ==",
      "dev": true,
      "license": "MIT",
      "dependencies": {
        "@babel/parser": "^7.29.7",
        "@babel/types": "^7.29.7",
        "@jridgewell/gen-mapping": "^0.3.12",
        "@jridgewell/trace-mapping": "^0.3.28",
        "jsesc": "^3.0.2"
      },
      "engines": {
        "node": ">=6.9.0"
      }
    },
    "node_modules/@babel/helper-string-parser": {
      "version": "7.29.7",
      "resolved": "https://registry.npmjs.org/@babel/helper-string-parser/-/helper-string-parser-7.29.7.tgz",
      "integrity": "sha512-Pb5ijPrZ89GDH8223L4UP8i6QApWxs04RbPQJTeWDV0/keR2E36MeKnyr6LYmUUvqRRI+Iv87SuF1W6ErINzYw==",
      "dev": true,
      "license": "MIT",
      "engines": {
        "node": ">=6.9.0"
      }
    },
    "node_modules/@babel/helper-validator-identifier": {
      "version": "7.29.7",
      "resolved": "https://registry.npmjs.org/@babel/helper-validator-identifier/-/helper-validator-identifier-7.29.7.tgz",
      "integrity": "sha512-qehxGkRj55h/ff8EMaJ+cYhyaKlHIxqYDn682wQD7RNp9UujOQsHog2uS0r2vzr4pW+sXf90NeeayjcNaX3fFg==",
      "dev": true,
      "license": "MIT",
      "engines": {
        "node": ">=6.9.0"
      }
    },
    "node_modules/@babel/parser": {
      "version": "7.29.7",
      "resolved": "https://registry.npmjs.org/@babel/parser/-/parser-7.29.7.tgz",
      "integrity": "sha512-hnORnjP/1P/zFEndoeX+n+t1RwWRJiJpM/jO7FW32Kn9r5+sJB2JWOdYo4L6k78j15eCwY3Gm/7364B1EMwtNg==",
      "dev": true,
      "license": "MIT",
      "dependencies": {
        "@babel/types": "^7.29.7"
      },
      "bin": {
        "parser": "bin/babel-parser.js"
      },
      "engines": {
        "node": ">=6.0.0"
      }
    },
    "node_modules/@babel/types": {
      "version": "7.29.7",
      "resolved": "https://registry.npmjs.org/@babel/types/-/types-7.29.7.tgz",
      "integrity": "sha512-4zBIxpPzowiZpusoFkyGVwakdRJUyuH5PxQ/PrqghfdFWWasvnCdPfQXHrenDai+gyLARulZjZowCOj6fjT4pA==",
      "dev": true,
      "license": "MIT",
      "dependencies": {
        "@babel/helper-string-parser": "^7.29.7",
        "@babel/helper-validator-identifier": "^7.29.7"
      },
      "engines": {
        "node": ">=6.9.0"
      }
    },
    "node_modules/@cucumber/ci-environment": {
      "version": "13.0.0",
      "resolved": "https://registry.npmjs.org/@cucumber/ci-environment/-/ci-environment-13.0.0.tgz",
      "integrity": "sha512-cs+3NzfNkGbcmHPddjEv4TKFiBpZRQ6WJEEufB9mw+ExS22V/4R/zpDSEG+fsJ/iSNCd6A2sATdY8PFOyY3YnA==",
      "dev": true,
      "license": "MIT"
    },
    "node_modules/@cucumber/core": {
      "version": "0.8.3",
      "resolved": "https://registry.npmjs.org/@cucumber/core/-/core-0.8.3.tgz",
      "integrity": "sha512-9ParRHpdN36i5YNMPUixUtc9qUMq2ihWA8ql9vc+A2fdEhI+zHR5qW7+7k7aDVpqH+Vw/WMebPvR2f7fbUapQg==",
      "dev": true,
      "license": "MIT",
      "peerDependencies": {
        "@cucumber/cucumber-expressions": "*",
        "@cucumber/messages": ">=31.0.0",
        "@cucumber/query": "*",
        "@cucumber/tag-expressions": "*"
      }
    },
    "node_modules/@cucumber/cucumber-expressions": {
      "version": "19.0.1",
      "resolved": "https://registry.npmjs.org/@cucumber/cucumber-expressions/-/cucumber-expressions-19.0.1.tgz",
      "integrity": "sha512-tJrTgCZ5/vgDBfAs2pQu0fu88gPJIGQ40AC/3ftg5/i/BwnhX/W1MbaFF8A+tanY1zbUWWarGFJ2QMKItPQ/QQ==",
      "dev": true,
      "license": "MIT",
      "dependencies": {
        "regexp-match-indices": "1.0.2"
      }
    },
    "node_modules/@cucumber/gherkin": {
      "version": "39.1.0",
      "resolved": "https://registry.npmjs.org/@cucumber/gherkin/-/gherkin-39.1.0.tgz",
      "integrity": "sha512-pqmSO2bUWxJm3TbNrKXlDaHjL6c77+ez9kWmfCd9oRPeTRPEVH3spZvpAqdXYWOZYSNYwWFCAAeZ4RGpkauNoQ==",
      "dev": true,
      "license": "MIT",
      "dependencies": {
        "@cucumber/messages": ">=31.0.0 <33"
      }
    },
    "node_modules/@cucumber/html-formatter": {
      "version": "23.1.0",
      "resolved": "https://registry.npmjs.org/@cucumber/html-formatter/-/html-formatter-23.1.0.tgz",
      "integrity": "sha512-DcCSFoGs6jbwzXPgX1CwgJKEE+ZMcIEzq/0Memg0o24maNn9NJizBFHmoFWG4iv/OxHza+mvc+56cTHetfHndw==",
      "dev": true,
      "license": "MIT",
      "peerDependencies": {
        "@cucumber/messages": ">=18"
      }
    },
    "node_modules/@cucumber/junit-xml-formatter": {
      "version": "0.13.3",
      "resolved": "https://registry.npmjs.org/@cucumber/junit-xml-formatter/-/junit-xml-formatter-0.13.3.tgz",
      "integrity": "sha512-w9ujOxiuKDtU6fLzJz+wp4Sgp5Xu6ba7ls00LHJccVmQU0Ba7zs+AHnv3iIgPjKZAQe1w8x93dr8Gaubh7Vqkg==",
      "dev": true,
      "license": "MIT",
      "dependencies": {
        "@cucumber/query": "^15.0.1",
        "@teppeis/multimaps": "^3.0.0",
        "luxon": "^3.5.0",
        "xmlbuilder": "^15.1.1"
      },
      "peerDependencies": {
        "@cucumber/messages": "*"
      }
    },
    "node_modules/@cucumber/messages": {
      "version": "32.3.1",
      "resolved": "https://registry.npmjs.org/@cucumber/messages/-/messages-32.3.1.tgz",
      "integrity": "sha512-yNQq1KoXRYaEKrWMFmpUQX7TdeQuU9jeGgJAZ3dArTsC/T4NpJ6DnqaJIIgwPnz/wtQIQTNX7/h0rOuF5xY4qQ==",
      "dev": true,
      "license": "MIT",
      "dependencies": {
        "class-transformer": "0.5.1",
        "reflect-metadata": "0.2.2"
      }
    },
    "node_modules/@cucumber/node": {
      "version": "0.7.0",
      "resolved": "https://registry.npmjs.org/@cucumber/node/-/node-0.7.0.tgz",
      "integrity": "sha512-R5T1ofWW70NyNSDGm4Mrl1qTlJ0Z7G1/c732WR/kI95aJYIPBe60XfhVkPNX3Jl1IWBKeyAzXyajvudd5K0Gkg==",
      "dev": true,
      "license": "MIT",
      "dependencies": {
        "@babel/code-frame": "^7.29.7",
        "@babel/generator": "^7.29.7",
        "@babel/types": "^7.29.7",
        "@cucumber/ci-environment": "13.0.0",
        "@cucumber/core": "0.8.3",
        "@cucumber/cucumber-expressions": "19.0.1",
        "@cucumber/gherkin": "39.1.0",
        "@cucumber/html-formatter": "23.1.0",
        "@cucumber/junit-xml-formatter": "0.13.3",
        "@cucumber/messages": "32.3.1",
        "@cucumber/pretty-formatter": "3.3.1",
        "@cucumber/query": "15.0.1",
        "@cucumber/tag-expressions": "9.1.0",
        "@teppeis/multimaps": "3.0.0",
        "stack-utils": "2.0.6"
      }
    },
    "node_modules/@cucumber/pretty-formatter": {
      "version": "3.3.1",
      "resolved": "https://registry.npmjs.org/@cucumber/pretty-formatter/-/pretty-formatter-3.3.1.tgz",
      "integrity": "sha512-wy8M/Poaqnoom+YP1mzZMfHEE3pP9/0JAYajkjpHTtanp4KJGpAXdukuUYbmmgFjRXUmUSK3s5I+I5+f+q2blA==",
      "dev": true,
      "license": "MIT",
      "dependencies": {
        "@cucumber/query": "15.0.1",
        "luxon": "^3.7.2"
      },
      "peerDependencies": {
        "@cucumber/messages": "*"
      }
    },
    "node_modules/@cucumber/query": {
      "version": "15.0.1",
      "resolved": "https://registry.npmjs.org/@cucumber/query/-/query-15.0.1.tgz",
      "integrity": "sha512-FMfT3orJblRsOxvU2doECBvQmauizYlj+5JsM8atAKKPbnQTj7v2/OrnuykvQpfZNBf19DYbRq1e832vllRP/g==",
      "dev": true,
      "license": "MIT",
      "dependencies": {
        "@teppeis/multimaps": "3.0.0",
        "lodash.sortby": "^4.7.0"
      },
      "peerDependencies": {
        "@cucumber/messages": "*"
      }
    },
    "node_modules/@cucumber/tag-expressions": {
      "version": "9.1.0",
      "resolved": "https://registry.npmjs.org/@cucumber/tag-expressions/-/tag-expressions-9.1.0.tgz",
      "integrity": "sha512-bvHjcRFZ+J1TqIa9eFNO1wGHqwx4V9ZKV3hYgkuK/VahHx73uiP4rKV3JVrvWSMrwrFvJG6C8aEwnCWSvbyFdQ==",
      "dev": true,
      "license": "MIT"
    },
    "node_modules/@jridgewell/gen-mapping": {
      "version": "0.3.13",
      "resolved": "https://registry.npmjs.org/@jridgewell/gen-mapping/-/gen-mapping-0.3.13.tgz",
      "integrity": "sha512-2kkt/7niJ6MgEPxF0bYdQ6etZaA+fQvDcLKckhy1yIQOzaoKjBBjSj63/aLVjYE3qhRt5dvM+uUyfCg6UKCBbA==",
      "dev": true,
      "license": "MIT",
      "dependencies": {
        "@jridgewell/sourcemap-codec": "^1.5.0",
        "@jridgewell/trace-mapping": "^0.3.24"
      }
    },
    "node_modules/@jridgewell/resolve-uri": {
      "version": "3.1.2",
      "resolved": "https://registry.npmjs.org/@jridgewell/resolve-uri/-/resolve-uri-3.1.2.tgz",
      "integrity": "sha512-bRISgCIjP20/tbWSPWMEi54QVPRZExkuD9lJL+UIxUKtwVJA8wW1Trb1jMs1RFXo1CBTNZ/5hpC9QvmKWdopKw==",
      "dev": true,
      "license": "MIT",
      "engines": {
        "node": ">=6.0.0"
      }
    },
    "node_modules/@jridgewell/sourcemap-codec": {
      "version": "1.5.5",
      "resolved": "https://registry.npmjs.org/@jridgewell/sourcemap-codec/-/sourcemap-codec-1.5.5.tgz",
      "integrity": "sha512-cYQ9310grqxueWbl+WuIUIaiUaDcj7WOq5fVhEljNVgRfOUhY9fy2zTvfoqWsnebh8Sl70VScFbICvJnLKB0Og==",
      "dev": true,
      "license": "MIT"
    },
    "node_modules/@jridgewell/trace-mapping": {
      "version": "0.3.31",
      "resolved": "https://registry.npmjs.org/@jridgewell/trace-mapping/-/trace-mapping-0.3.31.tgz",
      "integrity": "sha512-zzNR+SdQSDJzc8joaeP8QQoCQr8NuYx2dIIytl1QeBEZHJ9uW6hebsrYgbz8hJwUQao3TWCMtmfV8Nu1twOLAw==",
      "dev": true,
      "license": "MIT",
      "dependencies": {
        "@jridgewell/resolve-uri": "^3.1.0",
        "@jridgewell/sourcemap-codec": "^1.4.14"
      }
    },
    "node_modules/@teppeis/multimaps": {
      "version": "3.0.0",
      "resolved": "https://registry.npmjs.org/@teppeis/multimaps/-/multimaps-3.0.0.tgz",
      "integrity": "sha512-ID7fosbc50TbT0MK0EG12O+gAP3W3Aa/Pz4DaTtQtEvlc9Odaqi0de+xuZ7Li2GtK4HzEX7IuRWS/JmZLksR3Q==",
      "dev": true,
      "license": "MIT",
      "engines": {
        "node": ">=14"
      }
    },
    "node_modules/class-transformer": {
      "version": "0.5.1",
      "resolved": "https://registry.npmjs.org/class-transformer/-/class-transformer-0.5.1.tgz",
      "integrity": "sha512-SQa1Ws6hUbfC98vKGxZH3KFY0Y1lm5Zm0SY8XX9zbK7FJCyVEac3ATW0RIpwzW+oOfmHE5PMPufDG9hCfoEOMw==",
      "dev": true,
      "license": "MIT"
    },
    "node_modules/escape-string-regexp": {
      "version": "2.0.0",
      "resolved": "https://registry.npmjs.org/escape-string-regexp/-/escape-string-regexp-2.0.0.tgz",
      "integrity": "sha512-UpzcLCXolUWcNu5HtVMHYdXJjArjsF9C0aNnquZYY4uW/Vu0miy5YoWvbV345HauVvcAUnpRuhMMcqTcGOY2+w==",
      "dev": true,
      "license": "MIT",
      "engines": {
        "node": ">=8"
      }
    },
    "node_modules/js-tokens": {
      "version": "4.0.0",
      "resolved": "https://registry.npmjs.org/js-tokens/-/js-tokens-4.0.0.tgz",
      "integrity": "sha512-RdJUflcE3cUzKiMqQgsCu06FPu9UdIJO0beYbPhHN4k6apgJtifcoCtT9bcxOpYBtpD2kCM6Sbzg4CausW/PKQ==",
      "dev": true,
      "license": "MIT"
    },
    "node_modules/jsesc": {
      "version": "3.1.0",
      "resolved": "https://registry.npmjs.org/jsesc/-/jsesc-3.1.0.tgz",
      "integrity": "sha512-/sM3dO2FOzXjKQhJuo0Q173wf2KOo8t4I8vHy6lF9poUp7bKT0/NHE8fPX23PwfhnykfqnC2xRxOnVw5XuGIaA==",
      "dev": true,
      "license": "MIT",
      "bin": {
        "jsesc": "bin/jsesc"
      },
      "engines": {
        "node": ">=6"
      }
    },
    "node_modules/lodash.sortby": {
      "version": "4.7.0",
      "resolved": "https://registry.npmjs.org/lodash.sortby/-/lodash.sortby-4.7.0.tgz",
      "integrity": "sha512-HDWXG8isMntAyRF5vZ7xKuEvOhT4AhlRt/3czTSjvGUxjYCBVRQY48ViDHyfYz9VIoBkW4TMGQNapx+l3RUwdA==",
      "dev": true,
      "license": "MIT"
    },
    "node_modules/luxon": {
      "version": "3.7.2",
      "resolved": "https://registry.npmjs.org/luxon/-/luxon-3.7.2.tgz",
      "integrity": "sha512-vtEhXh/gNjI9Yg1u4jX/0YVPMvxzHuGgCm6tC5kZyb08yjGWGnqAjGJvcXbqQR2P3MyMEFnRbpcdFS6PBcLqew==",
      "dev": true,
      "license": "MIT",
      "engines": {
        "node": ">=12"
      }
    },
    "node_modules/picocolors": {
      "version": "1.1.1",
      "resolved": "https://registry.npmjs.org/picocolors/-/picocolors-1.1.1.tgz",
      "integrity": "sha512-xceH2snhtb5M9liqDsmEw56le376mTZkEX/jEb/RxNFyegNul7eNslCXP9FDj/Lcu0X8KEyMceP2ntpaHrDEVA==",
      "dev": true,
      "license": "ISC"
    },
    "node_modules/reflect-metadata": {
      "version": "0.2.2",
      "resolved": "https://registry.npmjs.org/reflect-metadata/-/reflect-metadata-0.2.2.tgz",
      "integrity": "sha512-urBwgfrvVP/eAyXx4hluJivBKzuEbSQs9rKWCrCkbSxNv8mxPcUZKeuoF3Uy4mJl3Lwprp6yy5/39VWigZ4K6Q==",
      "dev": true,
      "license": "Apache-2.0"
    },
    "node_modules/regexp-match-indices": {
      "version": "1.0.2",
      "resolved": "https://registry.npmjs.org/regexp-match-indices/-/regexp-match-indices-1.0.2.tgz",
      "integrity": "sha512-DwZuAkt8NF5mKwGGER1EGh2PRqyvhRhhLviH+R8y8dIuaQROlUfXjt4s9ZTXstIsSkptf06BSvwcEmmfheJJWQ==",
      "dev": true,
      "license": "Apache-2.0",
      "dependencies": {
        "regexp-tree": "^0.1.11"
      }
    },
    "node_modules/regexp-tree": {
      "version": "0.1.27",
      "resolved": "https://registry.npmjs.org/regexp-tree/-/regexp-tree-0.1.27.tgz",
      "integrity": "sha512-iETxpjK6YoRWJG5o6hXLwvjYAoW+FEZn9os0PD/b6AP6xQwsa/Y7lCVgIixBbUPMfhu+i2LtdeAqVTgGlQarfA==",
      "dev": true,
      "license": "MIT",
      "bin": {
        "regexp-tree": "bin/regexp-tree"
      }
    },
    "node_modules/stack-utils": {
      "version": "2.0.6",
      "resolved": "https://registry.npmjs.org/stack-utils/-/stack-utils-2.0.6.tgz",
      "integrity": "sha512-XlkWvfIm6RmsWtNJx+uqtKLS8eqFbxUg0ZzLXqY0caEy9l7hruX8IpiDnjsLavoBgqCCR71TqWO8MaXYheJ3RQ==",
      "dev": true,
      "license": "MIT",
      "dependencies": {
        "escape-string-regexp": "^2.0.0"
      },
      "engines": {
        "node": ">=10"
      }
    },
    "node_modules/xmlbuilder": {
      "version": "15.1.1",
      "resolved": "https://registry.npmjs.org/xmlbuilder/-/xmlbuilder-15.1.1.tgz",
      "integrity": "sha512-yMqGBqtXyeN1e3TGYvgNgDVZ3j84W4cwkOXQswghol6APgZWaff9lnbvN7MHYJOiXsvGPXtjTYJEiC9J2wv9Eg==",
      "dev": true,
      "license": "MIT",
      "engines": {
        "node": ">=8.0"
      }
    }
  }
}
